
Microsoft Visual Studio Solution File, Format Version 12.00
# Visual Studio Version 17
VisualStudioVersion = 17.3.32819.101
MinimumVisualStudioVersion = 10.0.40219.1
Project("{FAE04EC0-301F-11D3-BF4B-00C04F79EFBC}") = "JeuBataille", "JeuBataille\JeuBataille.csproj", "{F8AA293B-AB5A-4F38-9B1A-0F144C460D51}"
EndProject
Global
	GlobalSection(SolutionConfigurationPlatforms) = preSolution
		Debug|Any CPU = Debug|Any CPU
		Release|Any CPU = Release|Any CPU
	EndGlobalSection
	GlobalSection(ProjectConfigurationPlatforms) = postSolution
		{F8AA293B-AB5A-4F38-9B1A-0F144C460D51}.Debug|Any CPU.ActiveCfg = Debug|Any CPU
		{F8AA293B-AB5A-4F38-9B1A-0F144C460D51}.Debug|Any CPU.Build.0 = Debug|Any CPU
		{F8AA293B-AB5A-4F38-9B1A-0F144C460D51}.Release|Any CPU.ActiveCfg = Release|Any CPU
		{F8AA293B-AB5A-4F38-9B1A-0F144C460D51}.Release|Any CPU.Build.0 = Release|Any CPU
	EndGlobalSection
	GlobalSection(SolutionProperties) = preSolution
		HideSolutionNode = FALSE
	EndGlobalSection
	GlobalSection(ExtensibilityGlobals) = postSolution
		SolutionGuid = {932D45A3-5242-4466-A69C-FA90C559D026}
	EndGlobalSection
EndGlobal
